
Microsoft Visual Studio Solution File, Format Version 12.00
# Visual Studio Version 16
VisualStudioVersion = 25.0.1705.3
MinimumVisualStudioVersion = 10.0.40219.1
Project("{FAE04EC0-301F-11D3-BF4B-00C04F79EFBC}") = "android", "android\android.csproj", "{C99ED549-46BC-42FD-B177-6E9AE6060359}"
EndProject
Project("{FAE04EC0-301F-11D3-BF4B-00C04F79EFBC}") = "ios", "ios\ios.csproj", "{7C691BCB-F541-43C6-9746-4BABB262C24A}"
EndProject
Global
	GlobalSection(SolutionConfigurationPlatforms) = preSolution
		Debug|Any CPU = Debug|Any CPU
		Release|Any CPU = Release|Any CPU
	EndGlobalSection
	GlobalSection(ProjectConfigurationPlatforms) = postSolution
		{C99ED549-46BC-42FD-B177-6E9AE6060359}.Debug|Any CPU.ActiveCfg = Debug|Any CPU
		{C99ED549-46BC-42FD-B177-6E9AE6060359}.Debug|Any CPU.Build.0 = Debug|Any CPU
		{C99ED549-46BC-42FD-B177-6E9AE6060359}.Release|Any CPU.ActiveCfg = Release|Any CPU
		{C99ED549-46BC-42FD-B177-6E9AE6060359}.Release|Any CPU.Build.0 = Release|Any CPU
		{7C691BCB-F541-43C6-9746-4BABB262C24A}.Debug|Any CPU.ActiveCfg = Debug|Any CPU
		{7C691BCB-F541-43C6-9746-4BABB262C24A}.Debug|Any CPU.Build.0 = Debug|Any CPU
		{7C691BCB-F541-43C6-9746-4BABB262C24A}.Release|Any CPU.ActiveCfg = Release|Any CPU
		{7C691BCB-F541-43C6-9746-4BABB262C24A}.Release|Any CPU.Build.0 = Release|Any CPU
	EndGlobalSection
	GlobalSection(SolutionProperties) = preSolution
		HideSolutionNode = FALSE
	EndGlobalSection
	GlobalSection(ExtensibilityGlobals) = postSolution
		SolutionGuid = {7B9E5D13-0DEA-4DE3-AD97-66F337C9CFDC}
	EndGlobalSection
EndGlobal
